PODS:
  - Alamofire (4.9.0)
  - AlamofireImage (3.5.2):
    - Alamofire (~> 4.8)
  - Mockingjay (3.0.0-alpha.1):
    - Mockingjay/Core (= 3.0.0-alpha.1)
    - Mockingjay/XCTest (= 3.0.0-alpha.1)
  - Mockingjay/Core (3.0.0-alpha.1):
    - URITemplate (~> 3.0)
  - Mockingjay/XCTest (3.0.0-alpha.1):
    - Mockingjay/Core
  - Realm (3.19.1):
    - Realm/Headers (= 3.19.1)
  - Realm/Headers (3.19.1)
  - RealmSwift (3.19.1):
    - Realm (= 3.19.1)
  - URITemplate (3.0.0)

DEPENDENCIES:
  - Alamofire (~> 4.9.0)
  - AlamofireImage (~> 3.5.2)
  - Mockingjay (~> 3.0.0-alpha.1)
  - RealmSwift (~> 3.19.0)

SPEC REPOS:
  trunk:
    - Alamofire
    - AlamofireImage
    - Mockingjay
    - Realm
    - RealmSwift
    - URITemplate

SPEC CHECKSUMS:
  Alamofire: afc3e7c6db61476cb45cdd23fed06bad03bbc321
  AlamofireImage: 63cfe3baf1370be6c498149687cf6db3e3b00999
  Mockingjay: 0f7c5aa49c7f1b95621cee3c79b557141f5a225c
  Realm: fb377747e694c7deb62d402400454134fe321bee
  RealmSwift: 1302b0ab60f3105a2b214a735eeb0938607cf16b
  URITemplate: 58e0d47f967006c5d59888af5356c4a8ed3b197d

PODFILE CHECKSUM: f4eb3d6a04f8acdba51d0362dbc87d904adad2d6

COCOAPODS: 1.8.4
